
Microsoft Visual Studio Solution File, Format Version 12.00
# Visual Studio Version 17
VisualStudioVersion = 17.6.33723.286
MinimumVisualStudioVersion = 10.0.40219.1
Project("{FAE04EC0-301F-11D3-BF4B-00C04F79EFBC}") = "HarcamaTablosu", "HarcamaTablosu\HarcamaTablosu.csproj", "{F17FC43F-D2E7-49E3-975E-34499616E6F2}"
EndProject
Project("{FAE04EC0-301F-11D3-BF4B-00C04F79EFBC}") = "EntityLayer", "EntityLayer\EntityLayer.csproj", "{5BC46153-2E5C-44F1-ABCF-A346A2F6C45B}"
EndProject
Project("{FAE04EC0-301F-11D3-BF4B-00C04F79EFBC}") = "DataLayer", "DataLayer\DataLayer.csproj", "{FE8EC82D-1AE6-4803-8CE6-86373482B0CD}"
EndProject
Project("{FAE04EC0-301F-11D3-BF4B-00C04F79EFBC}") = "BusinessLayer", "BusinessLayer\BusinessLayer.csproj", "{6EBE2471-9DDE-4525-8A13-ADD3D0CC437D}"
EndProject
Global
	GlobalSection(SolutionConfigurationPlatforms) = preSolution
		Debug|Any CPU = Debug|Any CPU
		Release|Any CPU = Release|Any CPU
	EndGlobalSection
	GlobalSection(ProjectConfigurationPlatforms) = postSolution
		{F17FC43F-D2E7-49E3-975E-34499616E6F2}.Debug|Any CPU.ActiveCfg = Debug|Any CPU
		{F17FC43F-D2E7-49E3-975E-34499616E6F2}.Debug|Any CPU.Build.0 = Debug|Any CPU
		{F17FC43F-D2E7-49E3-975E-34499616E6F2}.Release|Any CPU.ActiveCfg = Release|Any CPU
		{F17FC43F-D2E7-49E3-975E-34499616E6F2}.Release|Any CPU.Build.0 = Release|Any CPU
		{5BC46153-2E5C-44F1-ABCF-A346A2F6C45B}.Debug|Any CPU.ActiveCfg = Debug|Any CPU
		{5BC46153-2E5C-44F1-ABCF-A346A2F6C45B}.Debug|Any CPU.Build.0 = Debug|Any CPU
		{5BC46153-2E5C-44F1-ABCF-A346A2F6C45B}.Release|Any CPU.ActiveCfg = Release|Any CPU
		{5BC46153-2E5C-44F1-ABCF-A346A2F6C45B}.Release|Any CPU.Build.0 = Release|Any CPU
		{FE8EC82D-1AE6-4803-8CE6-86373482B0CD}.Debug|Any CPU.ActiveCfg = Debug|Any CPU
		{FE8EC82D-1AE6-4803-8CE6-86373482B0CD}.Debug|Any CPU.Build.0 = Debug|Any CPU
		{FE8EC82D-1AE6-4803-8CE6-86373482B0CD}.Release|Any CPU.ActiveCfg = Release|Any CPU
		{FE8EC82D-1AE6-4803-8CE6-86373482B0CD}.Release|Any CPU.Build.0 = Release|Any CPU
		{6EBE2471-9DDE-4525-8A13-ADD3D0CC437D}.Debug|Any CPU.ActiveCfg = Debug|Any CPU
		{6EBE2471-9DDE-4525-8A13-ADD3D0CC437D}.Debug|Any CPU.Build.0 = Debug|Any CPU
		{6EBE2471-9DDE-4525-8A13-ADD3D0CC437D}.Release|Any CPU.ActiveCfg = Release|Any CPU
		{6EBE2471-9DDE-4525-8A13-ADD3D0CC437D}.Release|Any CPU.Build.0 = Release|Any CPU
	EndGlobalSection
	GlobalSection(SolutionProperties) = preSolution
		HideSolutionNode = FALSE
	EndGlobalSection
	GlobalSection(ExtensibilityGlobals) = postSolution
		SolutionGuid = {3E748F7E-CDBD-450C-BD94-068AF0283988}
	EndGlobalSection
EndGlobal
